
Microsoft Visual Studio Solution File, Format Version 12.00
# Visual Studio 15
VisualStudioVersion = 15.0.26430.6
MinimumVisualStudioVersion = 10.0.40219.1
Project("{9092AA53-FB77-4645-B42D-1CCCA6BD08BD}") = "TorchServer", "TorchServer\TorchServer.njsproj", "{DBB6C772-49F2-435F-A6FF-A57D72FE1E01}"
EndProject
Global
	GlobalSection(SolutionConfigurationPlatforms) = preSolution
		Debug|Any CPU = Debug|Any CPU
		Release|Any CPU = Release|Any CPU
	EndGlobalSection
	GlobalSection(ProjectConfigurationPlatforms) = postSolution
		{DBB6C772-49F2-435F-A6FF-A57D72FE1E01}.Debug|Any CPU.ActiveCfg = Debug|Any CPU
		{DBB6C772-49F2-435F-A6FF-A57D72FE1E01}.Debug|Any CPU.Build.0 = Debug|Any CPU
		{DBB6C772-49F2-435F-A6FF-A57D72FE1E01}.Release|Any CPU.ActiveCfg = Release|Any CPU
		{DBB6C772-49F2-435F-A6FF-A57D72FE1E01}.Release|Any CPU.Build.0 = Release|Any CPU
	EndGlobalSection
	GlobalSection(SolutionProperties) = preSolution
		HideSolutionNode = FALSE
	EndGlobalSection
EndGlobal
